
Microsoft Visual Studio Solution File, Format Version 12.00
# Visual Studio 15
VisualStudioVersion = 15.0.26228.9
MinimumVisualStudioVersion = 10.0.40219.1
Project("{FAE04EC0-301F-11D3-BF4B-00C04F79EFBC}") = "EasyEvents.Core.Tests", "EasyEvents.Core.Tests\EasyEvents.Core.Tests.csproj", "{9D2D5723-2A7E-43CE-B547-DED5644BBBC7}"
EndProject
Project("{FAE04EC0-301F-11D3-BF4B-00C04F79EFBC}") = "EasyEvents.Core", "EasyEvents.Core\EasyEvents.Core.csproj", "{DB62E9B2-7220-4BE7-AE24-8A077D6F5A58}"
EndProject
Project("{FAE04EC0-301F-11D3-BF4B-00C04F79EFBC}") = "EasyEvents.SampleWebApp", "EasyEvents.SampleWebApp\EasyEvents.SampleWebApp.csproj", "{130C9A32-D135-487D-9335-B75EE494FEC5}"
EndProject
Global
	GlobalSection(SolutionConfigurationPlatforms) = preSolution
		Debug|Any CPU = Debug|Any CPU
		Release|Any CPU = Release|Any CPU
	EndGlobalSection
	GlobalSection(ProjectConfigurationPlatforms) = postSolution
		{9D2D5723-2A7E-43CE-B547-DED5644BBBC7}.Debug|Any CPU.ActiveCfg = Debug|Any CPU
		{9D2D5723-2A7E-43CE-B547-DED5644BBBC7}.Debug|Any CPU.Build.0 = Debug|Any CPU
		{9D2D5723-2A7E-43CE-B547-DED5644BBBC7}.Release|Any CPU.ActiveCfg = Release|Any CPU
		{9D2D5723-2A7E-43CE-B547-DED5644BBBC7}.Release|Any CPU.Build.0 = Release|Any CPU
		{DB62E9B2-7220-4BE7-AE24-8A077D6F5A58}.Debug|Any CPU.ActiveCfg = Debug|Any CPU
		{DB62E9B2-7220-4BE7-AE24-8A077D6F5A58}.Debug|Any CPU.Build.0 = Debug|Any CPU
		{DB62E9B2-7220-4BE7-AE24-8A077D6F5A58}.Release|Any CPU.ActiveCfg = Release|Any CPU
		{DB62E9B2-7220-4BE7-AE24-8A077D6F5A58}.Release|Any CPU.Build.0 = Release|Any CPU
		{130C9A32-D135-487D-9335-B75EE494FEC5}.Debug|Any CPU.ActiveCfg = Debug|Any CPU
		{130C9A32-D135-487D-9335-B75EE494FEC5}.Debug|Any CPU.Build.0 = Debug|Any CPU
		{130C9A32-D135-487D-9335-B75EE494FEC5}.Release|Any CPU.ActiveCfg = Release|Any CPU
		{130C9A32-D135-487D-9335-B75EE494FEC5}.Release|Any CPU.Build.0 = Release|Any CPU
	EndGlobalSection
	GlobalSection(SolutionProperties) = preSolution
		HideSolutionNode = FALSE
	EndGlobalSection
EndGlobal
